
Microsoft Visual Studio Solution File, Format Version 12.00
# Visual Studio Version 16
VisualStudioVersion = 16.0.31112.23
MinimumVisualStudioVersion = 10.0.40219.1
Project("{FAE04EC0-301F-11D3-BF4B-00C04F79EFBC}") = "2.2", "2.2.csproj", "{86F075EC-89E7-474E-B273-76D6C4E1812C}"
EndProject
Global
	GlobalSection(SolutionConfigurationPlatforms) = preSolution
		Debug|Any CPU = Debug|Any CPU
		Release|Any CPU = Release|Any CPU
	EndGlobalSection
	GlobalSection(ProjectConfigurationPlatforms) = postSolution
		{86F075EC-89E7-474E-B273-76D6C4E1812C}.Debug|Any CPU.ActiveCfg = Debug|Any CPU
		{86F075EC-89E7-474E-B273-76D6C4E1812C}.Debug|Any CPU.Build.0 = Debug|Any CPU
		{86F075EC-89E7-474E-B273-76D6C4E1812C}.Release|Any CPU.ActiveCfg = Release|Any CPU
		{86F075EC-89E7-474E-B273-76D6C4E1812C}.Release|Any CPU.Build.0 = Release|Any CPU
	EndGlobalSection
	GlobalSection(SolutionProperties) = preSolution
		HideSolutionNode = FALSE
	EndGlobalSection
	GlobalSection(ExtensibilityGlobals) = postSolution
		SolutionGuid = {1753C295-4EF3-4A21-853E-E283C686F30C}
	EndGlobalSection
EndGlobal
