
Microsoft Visual Studio Solution File, Format Version 12.00
# Visual Studio Version 16
VisualStudioVersion = 16.0.31019.35
MinimumVisualStudioVersion = 10.0.40219.1
Project("{9A19103F-16F7-4668-BE54-9A1E7A4F7556}") = "1.1.1", "1.1.1\1.1.1.csproj", "{732460AD-3CA1-4DF5-9BA6-17DEA9E652A7}"
EndProject
Project("{9A19103F-16F7-4668-BE54-9A1E7A4F7556}") = "1.1.2", "1.1.2\1.1.2.csproj", "{12940F4A-536C-44CD-9944-EBC0BBAF8D3C}"
EndProject
Project("{9A19103F-16F7-4668-BE54-9A1E7A4F7556}") = "1.1.3", "1.1.3\1.1.3.csproj", "{D040639F-B2D5-4115-841A-9F2A1F9A8CDB}"
EndProject
Project("{9A19103F-16F7-4668-BE54-9A1E7A4F7556}") = "1.1.4", "1.1.4\1.1.4.csproj", "{9359E059-5903-4E53-A338-E2F66245F147}"
EndProject
Project("{9A19103F-16F7-4668-BE54-9A1E7A4F7556}") = "1.1.5", "1.1.5\1.1.5.csproj", "{87FB2D5A-7667-4160-8B37-DF120749E622}"
EndProject
Project("{9A19103F-16F7-4668-BE54-9A1E7A4F7556}") = "1.1.6", "1.1.6\1.1.6.csproj", "{1C3CFC5B-044D-47B2-9EE1-403A12B79547}"
EndProject
Project("{9A19103F-16F7-4668-BE54-9A1E7A4F7556}") = "1.1.7", "1.1.7\1.1.7.csproj", "{2D521BDE-769E-42B0-833C-017528A8FDB4}"
EndProject
Project("{FAE04EC0-301F-11D3-BF4B-00C04F79EFBC}") = "1.1.8", "1.1.8\1.1.8.csproj", "{168128F2-E40D-49D8-BBA2-463CBF7B9305}"
EndProject
Project("{FAE04EC0-301F-11D3-BF4B-00C04F79EFBC}") = "1.1.9", "1.1.9\1.1.9.csproj", "{0690F896-B893-4CA5-B344-F2A738D9D7A3}"
EndProject
Project("{FAE04EC0-301F-11D3-BF4B-00C04F79EFBC}") = "1.1.10", "1.1.10\1.1.10.csproj", "{065C11F8-73CF-4471-83BE-FC59568D1CE7}"
EndProject
Global
	GlobalSection(SolutionConfigurationPlatforms) = preSolution
		Debug|Any CPU = Debug|Any CPU
		Release|Any CPU = Release|Any CPU
	EndGlobalSection
	GlobalSection(ProjectConfigurationPlatforms) = postSolution
		{732460AD-3CA1-4DF5-9BA6-17DEA9E652A7}.Debug|Any CPU.ActiveCfg = Debug|Any CPU
		{732460AD-3CA1-4DF5-9BA6-17DEA9E652A7}.Debug|Any CPU.Build.0 = Debug|Any CPU
		{732460AD-3CA1-4DF5-9BA6-17DEA9E652A7}.Release|Any CPU.ActiveCfg = Release|Any CPU
		{732460AD-3CA1-4DF5-9BA6-17DEA9E652A7}.Release|Any CPU.Build.0 = Release|Any CPU
		{12940F4A-536C-44CD-9944-EBC0BBAF8D3C}.Debug|Any CPU.ActiveCfg = Debug|Any CPU
		{12940F4A-536C-44CD-9944-EBC0BBAF8D3C}.Debug|Any CPU.Build.0 = Debug|Any CPU
		{12940F4A-536C-44CD-9944-EBC0BBAF8D3C}.Release|Any CPU.ActiveCfg = Release|Any CPU
		{12940F4A-536C-44CD-9944-EBC0BBAF8D3C}.Release|Any CPU.Build.0 = Release|Any CPU
		{D040639F-B2D5-4115-841A-9F2A1F9A8CDB}.Debug|Any CPU.ActiveCfg = Debug|Any CPU
		{D040639F-B2D5-4115-841A-9F2A1F9A8CDB}.Debug|Any CPU.Build.0 = Debug|Any CPU
		{D040639F-B2D5-4115-841A-9F2A1F9A8CDB}.Release|Any CPU.ActiveCfg = Release|Any CPU
		{D040639F-B2D5-4115-841A-9F2A1F9A8CDB}.Release|Any CPU.Build.0 = Release|Any CPU
		{9359E059-5903-4E53-A338-E2F66245F147}.Debug|Any CPU.ActiveCfg = Debug|Any CPU
		{9359E059-5903-4E53-A338-E2F66245F147}.Debug|Any CPU.Build.0 = Debug|Any CPU
		{9359E059-5903-4E53-A338-E2F66245F147}.Release|Any CPU.ActiveCfg = Release|Any CPU
		{9359E059-5903-4E53-A338-E2F66245F147}.Release|Any CPU.Build.0 = Release|Any CPU
		{87FB2D5A-7667-4160-8B37-DF120749E622}.Debug|Any CPU.ActiveCfg = Debug|Any CPU
		{87FB2D5A-7667-4160-8B37-DF120749E622}.Debug|Any CPU.Build.0 = Debug|Any CPU
		{87FB2D5A-7667-4160-8B37-DF120749E622}.Release|Any CPU.ActiveCfg = Release|Any CPU
		{87FB2D5A-7667-4160-8B37-DF120749E622}.Release|Any CPU.Build.0 = Release|Any CPU
		{1C3CFC5B-044D-47B2-9EE1-403A12B79547}.Debug|Any CPU.ActiveCfg = Debug|Any CPU
		{1C3CFC5B-044D-47B2-9EE1-403A12B79547}.Debug|Any CPU.Build.0 = Debug|Any CPU
		{1C3CFC5B-044D-47B2-9EE1-403A12B79547}.Release|Any CPU.ActiveCfg = Release|Any CPU
		{1C3CFC5B-044D-47B2-9EE1-403A12B79547}.Release|Any CPU.Build.0 = Release|Any CPU
		{2D521BDE-769E-42B0-833C-017528A8FDB4}.Debug|Any CPU.ActiveCfg = Debug|Any CPU
		{2D521BDE-769E-42B0-833C-017528A8FDB4}.Debug|Any CPU.Build.0 = Debug|Any CPU
		{2D521BDE-769E-42B0-833C-017528A8FDB4}.Release|Any CPU.ActiveCfg = Release|Any CPU
		{2D521BDE-769E-42B0-833C-017528A8FDB4}.Release|Any CPU.Build.0 = Release|Any CPU
		{168128F2-E40D-49D8-BBA2-463CBF7B9305}.Debug|Any CPU.ActiveCfg = Debug|Any CPU
		{168128F2-E40D-49D8-BBA2-463CBF7B9305}.Debug|Any CPU.Build.0 = Debug|Any CPU
		{168128F2-E40D-49D8-BBA2-463CBF7B9305}.Release|Any CPU.ActiveCfg = Release|Any CPU
		{168128F2-E40D-49D8-BBA2-463CBF7B9305}.Release|Any CPU.Build.0 = Release|Any CPU
		{0690F896-B893-4CA5-B344-F2A738D9D7A3}.Debug|Any CPU.ActiveCfg = Debug|Any CPU
		{0690F896-B893-4CA5-B344-F2A738D9D7A3}.Debug|Any CPU.Build.0 = Debug|Any CPU
		{0690F896-B893-4CA5-B344-F2A738D9D7A3}.Release|Any CPU.ActiveCfg = Release|Any CPU
		{0690F896-B893-4CA5-B344-F2A738D9D7A3}.Release|Any CPU.Build.0 = Release|Any CPU
		{065C11F8-73CF-4471-83BE-FC59568D1CE7}.Debug|Any CPU.ActiveCfg = Debug|Any CPU
		{065C11F8-73CF-4471-83BE-FC59568D1CE7}.Debug|Any CPU.Build.0 = Debug|Any CPU
		{065C11F8-73CF-4471-83BE-FC59568D1CE7}.Release|Any CPU.ActiveCfg = Release|Any CPU
		{065C11F8-73CF-4471-83BE-FC59568D1CE7}.Release|Any CPU.Build.0 = Release|Any CPU
	EndGlobalSection
	GlobalSection(SolutionProperties) = preSolution
		HideSolutionNode = FALSE
	EndGlobalSection
	GlobalSection(ExtensibilityGlobals) = postSolution
		SolutionGuid = {2FB496E0-53E9-44A9-950A-6D281F42D326}
	EndGlobalSection
EndGlobal
