
Microsoft Visual Studio Solution File, Format Version 12.00
# Visual Studio Version 16
VisualStudioVersion = 16.0.31112.23
MinimumVisualStudioVersion = 10.0.40219.1
Project("{9A19103F-16F7-4668-BE54-9A1E7A4F7556}") = "3_2", "3_2.csproj", "{AAFDBF7D-7371-4C5E-B200-10164DE436D1}"
EndProject
Project("{FAE04EC0-301F-11D3-BF4B-00C04F79EFBC}") = "DynamicArrayDLL", "..\DynamicArrayDLL\DynamicArrayDLL.csproj", "{97E2FAED-7922-4650-94C7-CC85D7634E67}"
EndProject
Global
	GlobalSection(SolutionConfigurationPlatforms) = preSolution
		Debug|Any CPU = Debug|Any CPU
		Release|Any CPU = Release|Any CPU
	EndGlobalSection
	GlobalSection(ProjectConfigurationPlatforms) = postSolution
		{AAFDBF7D-7371-4C5E-B200-10164DE436D1}.Debug|Any CPU.ActiveCfg = Debug|Any CPU
		{AAFDBF7D-7371-4C5E-B200-10164DE436D1}.Debug|Any CPU.Build.0 = Debug|Any CPU
		{AAFDBF7D-7371-4C5E-B200-10164DE436D1}.Release|Any CPU.ActiveCfg = Release|Any CPU
		{AAFDBF7D-7371-4C5E-B200-10164DE436D1}.Release|Any CPU.Build.0 = Release|Any CPU
		{97E2FAED-7922-4650-94C7-CC85D7634E67}.Debug|Any CPU.ActiveCfg = Debug|Any CPU
		{97E2FAED-7922-4650-94C7-CC85D7634E67}.Debug|Any CPU.Build.0 = Debug|Any CPU
		{97E2FAED-7922-4650-94C7-CC85D7634E67}.Release|Any CPU.ActiveCfg = Release|Any CPU
		{97E2FAED-7922-4650-94C7-CC85D7634E67}.Release|Any CPU.Build.0 = Release|Any CPU
	EndGlobalSection
	GlobalSection(SolutionProperties) = preSolution
		HideSolutionNode = FALSE
	EndGlobalSection
	GlobalSection(ExtensibilityGlobals) = postSolution
		SolutionGuid = {CB98500E-EB88-46A1-838F-0D769650CC32}
	EndGlobalSection
EndGlobal
